
Microsoft Visual Studio Solution File, Format Version 12.00
# Visual Studio Version 16
VisualStudioVersion = 16.0.32228.343
MinimumVisualStudioVersion = 10.0.40219.1
Project("{9A19103F-16F7-4668-BE54-9A1E7A4F7556}") = "BlazorServer", "BlazorServer\BlazorServer.csproj", "{C7A13A1D-EC35-4309-892B-95662E742E0C}"
EndProject
Global
	GlobalSection(SolutionConfigurationPlatforms) = preSolution
		Debug|Any CPU = Debug|Any CPU
		Release|Any CPU = Release|Any CPU
	EndGlobalSection
	GlobalSection(ProjectConfigurationPlatforms) = postSolution
		{C7A13A1D-EC35-4309-892B-95662E742E0C}.Debug|Any CPU.ActiveCfg = Debug|Any CPU
		{C7A13A1D-EC35-4309-892B-95662E742E0C}.Debug|Any CPU.Build.0 = Debug|Any CPU
		{C7A13A1D-EC35-4309-892B-95662E742E0C}.Release|Any CPU.ActiveCfg = Release|Any CPU
		{C7A13A1D-EC35-4309-892B-95662E742E0C}.Release|Any CPU.Build.0 = Release|Any CPU
	EndGlobalSection
	GlobalSection(SolutionProperties) = preSolution
		HideSolutionNode = FALSE
	EndGlobalSection
	GlobalSection(ExtensibilityGlobals) = postSolution
		SolutionGuid = {98E450FE-3C3F-4BD3-8CA6-8037A9069A45}
	EndGlobalSection
EndGlobal
